
Microsoft Visual Studio Solution File, Format Version 12.00
# Visual Studio Version 17
VisualStudioVersion = 17.8.34330.188
MinimumVisualStudioVersion = 10.0.40219.1
Project("{9A19103F-16F7-4668-BE54-9A1E7A4F7556}") = "Vibe.VirtualScooter", "Vibe.VirtualScooter\Vibe.VirtualScooter.csproj", "{D639B678-7ACD-4589-BCA1-FCEBF9CC0E74}"
EndProject
Project("{9A19103F-16F7-4668-BE54-9A1E7A4F7556}") = "Vibe.EF", "Vibe.EF\Vibe.EF.csproj", "{4D79F485-BBD6-41FA-9DC4-5898FBBF61BE}"
EndProject
Project("{9A19103F-16F7-4668-BE54-9A1E7A4F7556}") = "Vibe.Services", "Vibe.Services\Vibe.Services.csproj", "{8C1B506F-F854-4F34-8275-A21A3A92B14D}"
EndProject
Project("{9A19103F-16F7-4668-BE54-9A1E7A4F7556}") = "Vibe.Domain", "Vibe.Domain\Vibe.Domain.csproj", "{BF02C1DB-4481-40AC-9982-65578A2CB469}"
EndProject
Project("{9A19103F-16F7-4668-BE54-9A1E7A4F7556}") = "Vibe.BackOffice.Server", "Vibe.BackOffice\Vibe.BackOffice.Server\Vibe.BackOffice.Server.csproj", "{DF21D8D2-6AFE-4546-9348-585E155C5D7A}"
EndProject
Project("{54A90642-561A-4BB1-A94E-469ADEE60C69}") = "vibe.backoffice.client", "Vibe.BackOffice\vibe.backoffice.client\vibe.backoffice.client.esproj", "{BA65A851-A6C0-4FD9-B567-2103E3C7380C}"
EndProject
Project("{9A19103F-16F7-4668-BE54-9A1E7A4F7556}") = "Vibe.Tools", "Vibe.Tools\Vibe.Tools.csproj", "{F5A585A6-3A8B-43A7-849F-412E8430BD95}"
EndProject
Project("{9A19103F-16F7-4668-BE54-9A1E7A4F7556}") = "Vibe.Configurator", "Vibe.Configurator\Vibe.Configurator.csproj", "{B8B74D71-09F1-459E-B36D-7A9991992F51}"
EndProject
Global
	GlobalSection(SolutionConfigurationPlatforms) = preSolution
		Debug|Any CPU = Debug|Any CPU
		Release|Any CPU = Release|Any CPU
	EndGlobalSection
	GlobalSection(ProjectConfigurationPlatforms) = postSolution
		{D639B678-7ACD-4589-BCA1-FCEBF9CC0E74}.Debug|Any CPU.ActiveCfg = Debug|Any CPU
		{D639B678-7ACD-4589-BCA1-FCEBF9CC0E74}.Debug|Any CPU.Build.0 = Debug|Any CPU
		{D639B678-7ACD-4589-BCA1-FCEBF9CC0E74}.Release|Any CPU.ActiveCfg = Release|Any CPU
		{D639B678-7ACD-4589-BCA1-FCEBF9CC0E74}.Release|Any CPU.Build.0 = Release|Any CPU
		{4D79F485-BBD6-41FA-9DC4-5898FBBF61BE}.Debug|Any CPU.ActiveCfg = Debug|Any CPU
		{4D79F485-BBD6-41FA-9DC4-5898FBBF61BE}.Debug|Any CPU.Build.0 = Debug|Any CPU
		{4D79F485-BBD6-41FA-9DC4-5898FBBF61BE}.Release|Any CPU.ActiveCfg = Release|Any CPU
		{4D79F485-BBD6-41FA-9DC4-5898FBBF61BE}.Release|Any CPU.Build.0 = Release|Any CPU
		{8C1B506F-F854-4F34-8275-A21A3A92B14D}.Debug|Any CPU.ActiveCfg = Debug|Any CPU
		{8C1B506F-F854-4F34-8275-A21A3A92B14D}.Debug|Any CPU.Build.0 = Debug|Any CPU
		{8C1B506F-F854-4F34-8275-A21A3A92B14D}.Release|Any CPU.ActiveCfg = Release|Any CPU
		{8C1B506F-F854-4F34-8275-A21A3A92B14D}.Release|Any CPU.Build.0 = Release|Any CPU
		{BF02C1DB-4481-40AC-9982-65578A2CB469}.Debug|Any CPU.ActiveCfg = Debug|Any CPU
		{BF02C1DB-4481-40AC-9982-65578A2CB469}.Debug|Any CPU.Build.0 = Debug|Any CPU
		{BF02C1DB-4481-40AC-9982-65578A2CB469}.Release|Any CPU.ActiveCfg = Release|Any CPU
		{BF02C1DB-4481-40AC-9982-65578A2CB469}.Release|Any CPU.Build.0 = Release|Any CPU
		{DF21D8D2-6AFE-4546-9348-585E155C5D7A}.Debug|Any CPU.ActiveCfg = Debug|Any CPU
		{DF21D8D2-6AFE-4546-9348-585E155C5D7A}.Debug|Any CPU.Build.0 = Debug|Any CPU
		{DF21D8D2-6AFE-4546-9348-585E155C5D7A}.Release|Any CPU.ActiveCfg = Release|Any CPU
		{DF21D8D2-6AFE-4546-9348-585E155C5D7A}.Release|Any CPU.Build.0 = Release|Any CPU
		{BA65A851-A6C0-4FD9-B567-2103E3C7380C}.Debug|Any CPU.ActiveCfg = Debug|Any CPU
		{BA65A851-A6C0-4FD9-B567-2103E3C7380C}.Debug|Any CPU.Build.0 = Debug|Any CPU
		{BA65A851-A6C0-4FD9-B567-2103E3C7380C}.Debug|Any CPU.Deploy.0 = Debug|Any CPU
		{BA65A851-A6C0-4FD9-B567-2103E3C7380C}.Release|Any CPU.ActiveCfg = Release|Any CPU
		{BA65A851-A6C0-4FD9-B567-2103E3C7380C}.Release|Any CPU.Build.0 = Release|Any CPU
		{BA65A851-A6C0-4FD9-B567-2103E3C7380C}.Release|Any CPU.Deploy.0 = Release|Any CPU
		{F5A585A6-3A8B-43A7-849F-412E8430BD95}.Debug|Any CPU.ActiveCfg = Debug|Any CPU
		{F5A585A6-3A8B-43A7-849F-412E8430BD95}.Debug|Any CPU.Build.0 = Debug|Any CPU
		{F5A585A6-3A8B-43A7-849F-412E8430BD95}.Release|Any CPU.ActiveCfg = Release|Any CPU
		{F5A585A6-3A8B-43A7-849F-412E8430BD95}.Release|Any CPU.Build.0 = Release|Any CPU
		{B8B74D71-09F1-459E-B36D-7A9991992F51}.Debug|Any CPU.ActiveCfg = Debug|Any CPU
		{B8B74D71-09F1-459E-B36D-7A9991992F51}.Debug|Any CPU.Build.0 = Debug|Any CPU
		{B8B74D71-09F1-459E-B36D-7A9991992F51}.Release|Any CPU.ActiveCfg = Release|Any CPU
		{B8B74D71-09F1-459E-B36D-7A9991992F51}.Release|Any CPU.Build.0 = Release|Any CPU
	EndGlobalSection
	GlobalSection(SolutionProperties) = preSolution
		HideSolutionNode = FALSE
	EndGlobalSection
	GlobalSection(ExtensibilityGlobals) = postSolution
		SolutionGuid = {9B481106-8777-4FC6-9B5A-941281B2AE61}
	EndGlobalSection
EndGlobal
